
Microsoft Visual Studio Solution File, Format Version 12.00
# Visual Studio 15
VisualStudioVersion = 15.0.28307.902
MinimumVisualStudioVersion = 10.0.40219.1
Project("{FAE04EC0-301F-11D3-BF4B-00C04F79EFBC}") = "EIMS_Lib", "EIMS_Lib\EIMS_Lib.csproj", "{9FE9143F-198D-433E-AF8D-E1D67F2BF9ED}"
EndProject
Project("{FAE04EC0-301F-11D3-BF4B-00C04F79EFBC}") = "EIMS_UI", "EIMS_UI\EIMS_UI.csproj", "{70C11EA1-1A36-41B2-890B-0ADACEC8DA67}"
EndProject
Global
	GlobalSection(SolutionConfigurationPlatforms) = preSolution
		Debug|Any CPU = Debug|Any CPU
		Release|Any CPU = Release|Any CPU
	EndGlobalSection
	GlobalSection(ProjectConfigurationPlatforms) = postSolution
		{9FE9143F-198D-433E-AF8D-E1D67F2BF9ED}.Debug|Any CPU.ActiveCfg = Debug|Any CPU
		{9FE9143F-198D-433E-AF8D-E1D67F2BF9ED}.Debug|Any CPU.Build.0 = Debug|Any CPU
		{9FE9143F-198D-433E-AF8D-E1D67F2BF9ED}.Release|Any CPU.ActiveCfg = Release|Any CPU
		{9FE9143F-198D-433E-AF8D-E1D67F2BF9ED}.Release|Any CPU.Build.0 = Release|Any CPU
		{70C11EA1-1A36-41B2-890B-0ADACEC8DA67}.Debug|Any CPU.ActiveCfg = Debug|Any CPU
		{70C11EA1-1A36-41B2-890B-0ADACEC8DA67}.Debug|Any CPU.Build.0 = Debug|Any CPU
		{70C11EA1-1A36-41B2-890B-0ADACEC8DA67}.Release|Any CPU.ActiveCfg = Release|Any CPU
		{70C11EA1-1A36-41B2-890B-0ADACEC8DA67}.Release|Any CPU.Build.0 = Release|Any CPU
	EndGlobalSection
	GlobalSection(SolutionProperties) = preSolution
		HideSolutionNode = FALSE
	EndGlobalSection
	GlobalSection(ExtensibilityGlobals) = postSolution
		SolutionGuid = {B1A294F8-6727-41BF-B849-3C61F033C704}
	EndGlobalSection
EndGlobal
